
Microsoft Visual Studio Solution File, Format Version 12.00
# Visual Studio 15
VisualStudioVersion = 15.0.27130.2010
MinimumVisualStudioVersion = 10.0.40219.1
Project("{FAE04EC0-301F-11D3-BF4B-00C04F79EFBC}") = "PlantGarden", "PlantGarden\PlantGarden.csproj", "{7429DF8D-ECEF-4759-9B0E-1875405D0426}"
EndProject
Global
	GlobalSection(SolutionConfigurationPlatforms) = preSolution
		Debug|Any CPU = Debug|Any CPU
		Release|Any CPU = Release|Any CPU
	EndGlobalSection
	GlobalSection(ProjectConfigurationPlatforms) = postSolution
		{7429DF8D-ECEF-4759-9B0E-1875405D0426}.Debug|Any CPU.ActiveCfg = Debug|Any CPU
		{7429DF8D-ECEF-4759-9B0E-1875405D0426}.Debug|Any CPU.Build.0 = Debug|Any CPU
		{7429DF8D-ECEF-4759-9B0E-1875405D0426}.Release|Any CPU.ActiveCfg = Release|Any CPU
		{7429DF8D-ECEF-4759-9B0E-1875405D0426}.Release|Any CPU.Build.0 = Release|Any CPU
	EndGlobalSection
	GlobalSection(SolutionProperties) = preSolution
		HideSolutionNode = FALSE
	EndGlobalSection
	GlobalSection(ExtensibilityGlobals) = postSolution
		SolutionGuid = {A7FE3C87-1433-49A0-9E46-3599BF19D667}
	EndGlobalSection
EndGlobal
