
Microsoft Visual Studio Solution File, Format Version 12.00
# Visual Studio 15
VisualStudioVersion = 15.0.27130.2010
MinimumVisualStudioVersion = 10.0.40219.1
Project("{FAE04EC0-301F-11D3-BF4B-00C04F79EFBC}") = "StackStructure", "StackStructure\StackStructure.csproj", "{510B8C67-00B8-4DED-A0C3-51EFC089046A}"
EndProject
Global
	GlobalSection(SolutionConfigurationPlatforms) = preSolution
		Debug|Any CPU = Debug|Any CPU
		Release|Any CPU = Release|Any CPU
	EndGlobalSection
	GlobalSection(ProjectConfigurationPlatforms) = postSolution
		{510B8C67-00B8-4DED-A0C3-51EFC089046A}.Debug|Any CPU.ActiveCfg = Debug|Any CPU
		{510B8C67-00B8-4DED-A0C3-51EFC089046A}.Debug|Any CPU.Build.0 = Debug|Any CPU
		{510B8C67-00B8-4DED-A0C3-51EFC089046A}.Release|Any CPU.ActiveCfg = Release|Any CPU
		{510B8C67-00B8-4DED-A0C3-51EFC089046A}.Release|Any CPU.Build.0 = Release|Any CPU
	EndGlobalSection
	GlobalSection(SolutionProperties) = preSolution
		HideSolutionNode = FALSE
	EndGlobalSection
	GlobalSection(ExtensibilityGlobals) = postSolution
		SolutionGuid = {318665D1-4583-4BBB-BE72-0F4FB42D6488}
	EndGlobalSection
EndGlobal
