
Microsoft Visual Studio Solution File, Format Version 12.00
# Visual Studio 15
VisualStudioVersion = 15.0.27130.2027
MinimumVisualStudioVersion = 10.0.40219.1
Project("{FAE04EC0-301F-11D3-BF4B-00C04F79EFBC}") = "InsertionSort", "InsertionSort\InsertionSort.csproj", "{45659879-DACC-4FFE-820E-000DBEE2CFB7}"
EndProject
Global
	GlobalSection(SolutionConfigurationPlatforms) = preSolution
		Debug|Any CPU = Debug|Any CPU
		Release|Any CPU = Release|Any CPU
	EndGlobalSection
	GlobalSection(ProjectConfigurationPlatforms) = postSolution
		{45659879-DACC-4FFE-820E-000DBEE2CFB7}.Debug|Any CPU.ActiveCfg = Debug|Any CPU
		{45659879-DACC-4FFE-820E-000DBEE2CFB7}.Debug|Any CPU.Build.0 = Debug|Any CPU
		{45659879-DACC-4FFE-820E-000DBEE2CFB7}.Release|Any CPU.ActiveCfg = Release|Any CPU
		{45659879-DACC-4FFE-820E-000DBEE2CFB7}.Release|Any CPU.Build.0 = Release|Any CPU
	EndGlobalSection
	GlobalSection(SolutionProperties) = preSolution
		HideSolutionNode = FALSE
	EndGlobalSection
	GlobalSection(ExtensibilityGlobals) = postSolution
		SolutionGuid = {EEC55CC1-2685-41CA-8E00-4BA368DBF5F1}
	EndGlobalSection
EndGlobal
