
Microsoft Visual Studio Solution File, Format Version 12.00
# Visual Studio 15
VisualStudioVersion = 15.0.27130.2010
MinimumVisualStudioVersion = 10.0.40219.1
Project("{FAE04EC0-301F-11D3-BF4B-00C04F79EFBC}") = "SortedArray", "SortedArray\SortedArray.csproj", "{0A6C4D4E-0CBE-4B59-9DD1-64D42153F7AD}"
EndProject
Global
	GlobalSection(SolutionConfigurationPlatforms) = preSolution
		Debug|Any CPU = Debug|Any CPU
		Release|Any CPU = Release|Any CPU
	EndGlobalSection
	GlobalSection(ProjectConfigurationPlatforms) = postSolution
		{0A6C4D4E-0CBE-4B59-9DD1-64D42153F7AD}.Debug|Any CPU.ActiveCfg = Debug|Any CPU
		{0A6C4D4E-0CBE-4B59-9DD1-64D42153F7AD}.Debug|Any CPU.Build.0 = Debug|Any CPU
		{0A6C4D4E-0CBE-4B59-9DD1-64D42153F7AD}.Release|Any CPU.ActiveCfg = Release|Any CPU
		{0A6C4D4E-0CBE-4B59-9DD1-64D42153F7AD}.Release|Any CPU.Build.0 = Release|Any CPU
	EndGlobalSection
	GlobalSection(SolutionProperties) = preSolution
		HideSolutionNode = FALSE
	EndGlobalSection
	GlobalSection(ExtensibilityGlobals) = postSolution
		SolutionGuid = {85EF5204-53A1-4729-8C03-EBA419C8D892}
	EndGlobalSection
EndGlobal
