
Microsoft Visual Studio Solution File, Format Version 12.00
# Visual Studio 15
VisualStudioVersion = 15.0.27130.2020
MinimumVisualStudioVersion = 10.0.40219.1
Project("{FAE04EC0-301F-11D3-BF4B-00C04F79EFBC}") = "QandATree", "QandATree\QandATree.csproj", "{FCFCD115-B49F-4758-9D1E-2CB4D2A41F26}"
EndProject
Global
	GlobalSection(SolutionConfigurationPlatforms) = preSolution
		Debug|Any CPU = Debug|Any CPU
		Release|Any CPU = Release|Any CPU
	EndGlobalSection
	GlobalSection(ProjectConfigurationPlatforms) = postSolution
		{FCFCD115-B49F-4758-9D1E-2CB4D2A41F26}.Debug|Any CPU.ActiveCfg = Debug|Any CPU
		{FCFCD115-B49F-4758-9D1E-2CB4D2A41F26}.Debug|Any CPU.Build.0 = Debug|Any CPU
		{FCFCD115-B49F-4758-9D1E-2CB4D2A41F26}.Release|Any CPU.ActiveCfg = Release|Any CPU
		{FCFCD115-B49F-4758-9D1E-2CB4D2A41F26}.Release|Any CPU.Build.0 = Release|Any CPU
	EndGlobalSection
	GlobalSection(SolutionProperties) = preSolution
		HideSolutionNode = FALSE
	EndGlobalSection
	GlobalSection(ExtensibilityGlobals) = postSolution
		SolutionGuid = {F304CCF9-B77E-4518-8EBD-8B054262ADD4}
	EndGlobalSection
EndGlobal
